
Microsoft Visual Studio Solution File, Format Version 12.00
# Visual Studio Version 16
VisualStudioVersion = 16.0.30413.136
MinimumVisualStudioVersion = 10.0.40219.1
Project("{FAE04EC0-301F-11D3-BF4B-00C04F79EFBC}") = "FFPR-ColoredWindows", "FFPR-ColoredWindows.csproj", "{4097943E-DBD8-4439-89CF-205028868C57}"
EndProject
Global
	GlobalSection(SolutionConfigurationPlatforms) = preSolution
		Debug|Any CPU = Debug|Any CPU
		Release|Any CPU = Release|Any CPU
	EndGlobalSection
	GlobalSection(ProjectConfigurationPlatforms) = postSolution
		{4097943E-DBD8-4439-89CF-205028868C57}.Debug|Any CPU.ActiveCfg = Debug|Any CPU
		{4097943E-DBD8-4439-89CF-205028868C57}.Debug|Any CPU.Build.0 = Debug|Any CPU
		{4097943E-DBD8-4439-89CF-205028868C57}.Release|Any CPU.ActiveCfg = Release|Any CPU
		{4097943E-DBD8-4439-89CF-205028868C57}.Release|Any CPU.Build.0 = Release|Any CPU
	EndGlobalSection
	GlobalSection(SolutionProperties) = preSolution
		HideSolutionNode = FALSE
	EndGlobalSection
	GlobalSection(ExtensibilityGlobals) = postSolution
		SolutionGuid = {EEBF6C05-D867-47E9-AF63-CD33756144BE}
	EndGlobalSection
EndGlobal
